
Microsoft Visual Studio Solution File, Format Version 12.00
Project("{FAE04EC0-301F-11D3-BF4B-00C04F79EFBC}") = "TinyTimeline", "TinyTimeline\TinyTimeline.csproj", "{43AE8A12-8DB5-4F33-83A1-21346EA673B1}"
EndProject
Project("{FAE04EC0-301F-11D3-BF4B-00C04F79EFBC}") = "DataAccess", "DataAccess\DataAccess.csproj", "{DA21EE3D-9682-4C09-9E4A-6F4AC15A7B81}"
EndProject
Project("{FAE04EC0-301F-11D3-BF4B-00C04F79EFBC}") = "Domain", "Domain\Domain.csproj", "{732FF930-ABE5-428F-95E4-449AB87150D6}"
EndProject
Global
	GlobalSection(SolutionConfigurationPlatforms) = preSolution
		Debug|Any CPU = Debug|Any CPU
		Release|Any CPU = Release|Any CPU
		Development|Any CPU = Development|Any CPU
	EndGlobalSection
	GlobalSection(ProjectConfigurationPlatforms) = postSolution
		{43AE8A12-8DB5-4F33-83A1-21346EA673B1}.Debug|Any CPU.ActiveCfg = Debug|Any CPU
		{43AE8A12-8DB5-4F33-83A1-21346EA673B1}.Debug|Any CPU.Build.0 = Debug|Any CPU
		{43AE8A12-8DB5-4F33-83A1-21346EA673B1}.Release|Any CPU.ActiveCfg = Release|Any CPU
		{43AE8A12-8DB5-4F33-83A1-21346EA673B1}.Release|Any CPU.Build.0 = Release|Any CPU
		{43AE8A12-8DB5-4F33-83A1-21346EA673B1}.Development|Any CPU.ActiveCfg = Development|Any CPU
		{43AE8A12-8DB5-4F33-83A1-21346EA673B1}.Development|Any CPU.Build.0 = Development|Any CPU
		{DA21EE3D-9682-4C09-9E4A-6F4AC15A7B81}.Debug|Any CPU.ActiveCfg = Debug|Any CPU
		{DA21EE3D-9682-4C09-9E4A-6F4AC15A7B81}.Debug|Any CPU.Build.0 = Debug|Any CPU
		{DA21EE3D-9682-4C09-9E4A-6F4AC15A7B81}.Release|Any CPU.ActiveCfg = Release|Any CPU
		{DA21EE3D-9682-4C09-9E4A-6F4AC15A7B81}.Release|Any CPU.Build.0 = Release|Any CPU
		{DA21EE3D-9682-4C09-9E4A-6F4AC15A7B81}.Development|Any CPU.ActiveCfg = Development|Any CPU
		{DA21EE3D-9682-4C09-9E4A-6F4AC15A7B81}.Development|Any CPU.Build.0 = Development|Any CPU
		{732FF930-ABE5-428F-95E4-449AB87150D6}.Debug|Any CPU.ActiveCfg = Debug|Any CPU
		{732FF930-ABE5-428F-95E4-449AB87150D6}.Debug|Any CPU.Build.0 = Debug|Any CPU
		{732FF930-ABE5-428F-95E4-449AB87150D6}.Release|Any CPU.ActiveCfg = Release|Any CPU
		{732FF930-ABE5-428F-95E4-449AB87150D6}.Release|Any CPU.Build.0 = Release|Any CPU
		{732FF930-ABE5-428F-95E4-449AB87150D6}.Development|Any CPU.ActiveCfg = Development|Any CPU
		{732FF930-ABE5-428F-95E4-449AB87150D6}.Development|Any CPU.Build.0 = Development|Any CPU
	EndGlobalSection
EndGlobal
